
Microsoft Visual Studio Solution File, Format Version 12.00
# Visual Studio Version 17
VisualStudioVersion = 17.9.34714.143
MinimumVisualStudioVersion = 10.0.40219.1
Project("{9A19103F-16F7-4668-BE54-9A1E7A4F7556}") = "QuickPassword", "QuickPassword.csproj", "{C177123E-268C-4BB5-9B87-C1AA6B1AF0ED}"
EndProject
Global
	GlobalSection(SolutionConfigurationPlatforms) = preSolution
		Debug|Any CPU = Debug|Any CPU
		Release|Any CPU = Release|Any CPU
	EndGlobalSection
	GlobalSection(ProjectConfigurationPlatforms) = postSolution
		{C177123E-268C-4BB5-9B87-C1AA6B1AF0ED}.Debug|Any CPU.ActiveCfg = Debug|Any CPU
		{C177123E-268C-4BB5-9B87-C1AA6B1AF0ED}.Debug|Any CPU.Build.0 = Debug|Any CPU
		{C177123E-268C-4BB5-9B87-C1AA6B1AF0ED}.Release|Any CPU.ActiveCfg = Release|Any CPU
		{C177123E-268C-4BB5-9B87-C1AA6B1AF0ED}.Release|Any CPU.Build.0 = Release|Any CPU
	EndGlobalSection
	GlobalSection(SolutionProperties) = preSolution
		HideSolutionNode = FALSE
	EndGlobalSection
	GlobalSection(ExtensibilityGlobals) = postSolution
		SolutionGuid = {9F743DFF-D395-4ABF-8773-EFDD257D7C84}
	EndGlobalSection
EndGlobal
